
Microsoft Visual Studio Solution File, Format Version 12.00
# Visual Studio Version 17
VisualStudioVersion = 17.0.31612.314
MinimumVisualStudioVersion = 10.0.40219.1
Project("{FAE04EC0-301F-11D3-BF4B-00C04F79EFBC}") = "GuardRecord", "GuardRecord\GuardRecord.csproj", "{5550D413-02C0-41D9-B4A4-792D07BD4185}"
EndProject
Global
	GlobalSection(SolutionConfigurationPlatforms) = preSolution
		Debug|Any CPU = Debug|Any CPU
		Release|Any CPU = Release|Any CPU
	EndGlobalSection
	GlobalSection(ProjectConfigurationPlatforms) = postSolution
		{5550D413-02C0-41D9-B4A4-792D07BD4185}.Debug|Any CPU.ActiveCfg = Debug|Any CPU
		{5550D413-02C0-41D9-B4A4-792D07BD4185}.Debug|Any CPU.Build.0 = Debug|Any CPU
		{5550D413-02C0-41D9-B4A4-792D07BD4185}.Release|Any CPU.ActiveCfg = Release|Any CPU
		{5550D413-02C0-41D9-B4A4-792D07BD4185}.Release|Any CPU.Build.0 = Release|Any CPU
	EndGlobalSection
	GlobalSection(SolutionProperties) = preSolution
		HideSolutionNode = FALSE
	EndGlobalSection
	GlobalSection(ExtensibilityGlobals) = postSolution
		SolutionGuid = {C63B7DE2-8D06-4168-8A86-11F2319E7654}
	EndGlobalSection
EndGlobal
